PODS:
  - HCSStarRatingView (1.4.3)
  - Masonry (1.0.0)
  - MXParallaxHeader (0.5.0)

DEPENDENCIES:
  - HCSStarRatingView
  - Masonry
  - MXParallaxHeader

SPEC CHECKSUMS:
  HCSStarRatingView: bada6ae98258c3019531e0218030e2d5ad10765a
  Masonry: b529bb169217897b6354d4b56b1fada6d475b13d
  MXParallaxHeader: c7dfdf8d769a8eb868a431ec3aeaf994a147b8bc

COCOAPODS: 0.39.0
