PODS:
  - Firebase (2.5.1)
  - HCSStarRatingView (1.4.4)
  - Masonry (1.0.0)

DEPENDENCIES:
  - Firebase (>= 2.5.1)
  - HCSStarRatingView
  - Masonry

SPEC CHECKSUMS:
  Firebase: 3565ea88b830f28f2c77ecc524622bc71a20d085
  HCSStarRatingView: 25f2497549b80f71fd1b0a2ed3631e5ccaa73362
  Masonry: b529bb169217897b6354d4b56b1fada6d475b13d

COCOAPODS: 0.39.0
