PODS:
  - Firebase (2.5.1)
  - HCSStarRatingView (1.4.3)
  - Masonry (0.6.4)

DEPENDENCIES:
  - Firebase (>= 2.5.1)
  - HCSStarRatingView
  - Masonry

SPEC CHECKSUMS:
  Firebase: 3565ea88b830f28f2c77ecc524622bc71a20d085
  HCSStarRatingView: bada6ae98258c3019531e0218030e2d5ad10765a
  Masonry: 281802d04d787ea2973179ee8bcb50500579ede2

COCOAPODS: 0.39.0
